PODS:
  - AKOCommonToolsKit (0.0.31)
  - CodeFavorites (0.1.0):
    - AKOCommonToolsKit
    - Masonry
  - Masonry (1.1.0)

DEPENDENCIES:
  - AKOCommonToolsKit (= 0.0.31)
  - CodeFavorites (from `./LocalPods/CodeFavorites`)

SPEC REPOS:
  https://github.com/zitao0206/MDSpecs.git:
    - AKOCommonToolsKit
  trunk:
    - Masonry

EXTERNAL SOURCES:
  CodeFavorites:
    :path: "./LocalPods/CodeFavorites"

SPEC CHECKSUMS:
  AKOCommonToolsKit: 2b62669cc9704a200defd16b5c06a33404f47f24
  CodeFavorites: 13a0d73d5cdd08b5f9b42ef1e680a37847284ac9
  Masonry: 678fab65091a9290e40e2832a55e7ab731aad201

PODFILE CHECKSUM: a6201e0ff70d51c1cc376e3c86953fca968e98a5

COCOAPODS: 1.11.3
